
Microsoft Visual Studio Solution File, Format Version 12.00
# Visual Studio Version 17
VisualStudioVersion = 17.12.35506.116
MinimumVisualStudioVersion = 10.0.40219.1
Project("{FAE04EC0-301F-11D3-BF4B-00C04F79EFBC}") = "AppCadConsClient", "AppCadConsClient\AppCadConsClient.csproj", "{F47E3DB3-5EB8-47AB-A3B1-D6F83979CFEC}"
EndProject
Project("{FAE04EC0-301F-11D3-BF4B-00C04F79EFBC}") = "AppCadConsClient.Core.Domain", "..\AppCadConsClient.Core.Domain\AppCadConsClient.Core.Domain.csproj", "{C5E9AC6B-25E8-4062-AAA2-A5AF8650DE5A}"
EndProject
Global
	GlobalSection(SolutionConfigurationPlatforms) = preSolution
		Debug|Any CPU = Debug|Any CPU
		Release|Any CPU = Release|Any CPU
	EndGlobalSection
	GlobalSection(ProjectConfigurationPlatforms) = postSolution
		{F47E3DB3-5EB8-47AB-A3B1-D6F83979CFEC}.Debug|Any CPU.ActiveCfg = Debug|Any CPU
		{F47E3DB3-5EB8-47AB-A3B1-D6F83979CFEC}.Debug|Any CPU.Build.0 = Debug|Any CPU
		{F47E3DB3-5EB8-47AB-A3B1-D6F83979CFEC}.Release|Any CPU.ActiveCfg = Release|Any CPU
		{F47E3DB3-5EB8-47AB-A3B1-D6F83979CFEC}.Release|Any CPU.Build.0 = Release|Any CPU
		{C5E9AC6B-25E8-4062-AAA2-A5AF8650DE5A}.Debug|Any CPU.ActiveCfg = Debug|Any CPU
		{C5E9AC6B-25E8-4062-AAA2-A5AF8650DE5A}.Debug|Any CPU.Build.0 = Debug|Any CPU
		{C5E9AC6B-25E8-4062-AAA2-A5AF8650DE5A}.Release|Any CPU.ActiveCfg = Release|Any CPU
		{C5E9AC6B-25E8-4062-AAA2-A5AF8650DE5A}.Release|Any CPU.Build.0 = Release|Any CPU
	EndGlobalSection
	GlobalSection(SolutionProperties) = preSolution
		HideSolutionNode = FALSE
	EndGlobalSection
EndGlobal
